
Microsoft Visual Studio Solution File, Format Version 12.00
Project("{FAE04EC0-301F-11D3-BF4B-00C04F79EFBC}") = "Conductor.Cli", "Conductor.Cli\Conductor.Cli.csproj", "{620DB2CC-E223-497D-A44E-3D89A39CA3AA}"
EndProject
Project("{FAE04EC0-301F-11D3-BF4B-00C04F79EFBC}") = "Conductor.Domain", "Conductor.Domain\Conductor.Domain.csproj", "{62ADF367-D93B-4928-8711-7BF58D2BFA4E}"
EndProject
Project("{FAE04EC0-301F-11D3-BF4B-00C04F79EFBC}") = "Conductor.Domain.Tests", "Conductor.Domain.Tests\Conductor.Domain.Tests.csproj", "{5284C700-03FA-4447-963C-1CE391592C7F}"
EndProject
Project("{FAE04EC0-301F-11D3-BF4B-00C04F79EFBC}") = "Conductor.Infrastructure", "Conductor.Infrastructure\Conductor.Infrastructure.csproj", "{2AA583FB-8B4F-4871-A106-82EA58F3552C}"
EndProject
Project("{2150E333-8FDC-42A3-9474-1A3956D46DE8}") = "Solution Items", "Solution Items", "{197AC97F-893D-40D8-ABEE-5C722375AFB7}"
	ProjectSection(SolutionItems) = preProject
		..\.gitignore = ..\.gitignore
		..\.editorconfig = ..\.editorconfig
		..\README.md = ..\README.md
		..\LICENSE.md = ..\LICENSE.md
		..\Directory.Build.props = ..\Directory.Build.props
		..\Dockerfile = ..\Dockerfile
		..\docker-compose.yaml = ..\docker-compose.yaml
	EndProjectSection
EndProject
Project("{FAE04EC0-301F-11D3-BF4B-00C04F79EFBC}") = "Conductor.Api", "Conductor.Api\Conductor.Api.csproj", "{3C75C9FD-D6EE-4699-A840-2970E0AAD5BB}"
EndProject
Project("{FAE04EC0-301F-11D3-BF4B-00C04F79EFBC}") = "Conductor.Persistence", "Conductor.Persistence\Conductor.Persistence.csproj", "{01C8AE02-9673-461B-956A-60DF6133EB24}"
EndProject
Project("{2150E333-8FDC-42A3-9474-1A3956D46DE8}") = "Tests", "Tests", "{DF637FB7-4F36-4602-9E63-DD55A552E7D8}"
EndProject
Project("{2150E333-8FDC-42A3-9474-1A3956D46DE8}") = "Pipelines", "Pipelines", "{E7D2822A-AC18-4D30-A1AF-297E9375D8A6}"
	ProjectSection(SolutionItems) = preProject
		..\.github\workflows\ci.yml = ..\.github\workflows\ci.yml
		..\.github\dependabot.yml = ..\.github\dependabot.yml
	EndProjectSection
EndProject
Global
	GlobalSection(SolutionConfigurationPlatforms) = preSolution
		Debug|Any CPU = Debug|Any CPU
		Release|Any CPU = Release|Any CPU
	EndGlobalSection
	GlobalSection(ProjectConfigurationPlatforms) = postSolution
		{620DB2CC-E223-497D-A44E-3D89A39CA3AA}.Debug|Any CPU.ActiveCfg = Debug|Any CPU
		{620DB2CC-E223-497D-A44E-3D89A39CA3AA}.Debug|Any CPU.Build.0 = Debug|Any CPU
		{620DB2CC-E223-497D-A44E-3D89A39CA3AA}.Release|Any CPU.ActiveCfg = Release|Any CPU
		{620DB2CC-E223-497D-A44E-3D89A39CA3AA}.Release|Any CPU.Build.0 = Release|Any CPU
		{62ADF367-D93B-4928-8711-7BF58D2BFA4E}.Debug|Any CPU.ActiveCfg = Debug|Any CPU
		{62ADF367-D93B-4928-8711-7BF58D2BFA4E}.Debug|Any CPU.Build.0 = Debug|Any CPU
		{62ADF367-D93B-4928-8711-7BF58D2BFA4E}.Release|Any CPU.ActiveCfg = Release|Any CPU
		{62ADF367-D93B-4928-8711-7BF58D2BFA4E}.Release|Any CPU.Build.0 = Release|Any CPU
		{5284C700-03FA-4447-963C-1CE391592C7F}.Debug|Any CPU.ActiveCfg = Debug|Any CPU
		{5284C700-03FA-4447-963C-1CE391592C7F}.Debug|Any CPU.Build.0 = Debug|Any CPU
		{5284C700-03FA-4447-963C-1CE391592C7F}.Release|Any CPU.ActiveCfg = Release|Any CPU
		{5284C700-03FA-4447-963C-1CE391592C7F}.Release|Any CPU.Build.0 = Release|Any CPU
		{2AA583FB-8B4F-4871-A106-82EA58F3552C}.Debug|Any CPU.ActiveCfg = Debug|Any CPU
		{2AA583FB-8B4F-4871-A106-82EA58F3552C}.Debug|Any CPU.Build.0 = Debug|Any CPU
		{2AA583FB-8B4F-4871-A106-82EA58F3552C}.Release|Any CPU.ActiveCfg = Release|Any CPU
		{2AA583FB-8B4F-4871-A106-82EA58F3552C}.Release|Any CPU.Build.0 = Release|Any CPU
		{3C75C9FD-D6EE-4699-A840-2970E0AAD5BB}.Debug|Any CPU.ActiveCfg = Debug|Any CPU
		{3C75C9FD-D6EE-4699-A840-2970E0AAD5BB}.Debug|Any CPU.Build.0 = Debug|Any CPU
		{3C75C9FD-D6EE-4699-A840-2970E0AAD5BB}.Release|Any CPU.ActiveCfg = Release|Any CPU
		{3C75C9FD-D6EE-4699-A840-2970E0AAD5BB}.Release|Any CPU.Build.0 = Release|Any CPU
		{01C8AE02-9673-461B-956A-60DF6133EB24}.Debug|Any CPU.ActiveCfg = Debug|Any CPU
		{01C8AE02-9673-461B-956A-60DF6133EB24}.Debug|Any CPU.Build.0 = Debug|Any CPU
		{01C8AE02-9673-461B-956A-60DF6133EB24}.Release|Any CPU.ActiveCfg = Release|Any CPU
		{01C8AE02-9673-461B-956A-60DF6133EB24}.Release|Any CPU.Build.0 = Release|Any CPU
	EndGlobalSection
	GlobalSection(NestedProjects) = preSolution
		{5284C700-03FA-4447-963C-1CE391592C7F} = {DF637FB7-4F36-4602-9E63-DD55A552E7D8}
		{E7D2822A-AC18-4D30-A1AF-297E9375D8A6} = {197AC97F-893D-40D8-ABEE-5C722375AFB7}
	EndGlobalSection
EndGlobal
